
Microsoft Visual Studio Solution File, Format Version 12.00
# Visual Studio Version 17
VisualStudioVersion = 17.11.35327.3
MinimumVisualStudioVersion = 10.0.40219.1
Project("{FAE04EC0-301F-11D3-BF4B-00C04F79EFBC}") = "WpfApp4", "WpfApp4\WpfApp4.csproj", "{7981D307-CA63-4DEE-8A07-8574A1F29F4D}"
EndProject
Global
	GlobalSection(SolutionConfigurationPlatforms) = preSolution
		Debug|Any CPU = Debug|Any CPU
		Release|Any CPU = Release|Any CPU
	EndGlobalSection
	GlobalSection(ProjectConfigurationPlatforms) = postSolution
		{7981D307-CA63-4DEE-8A07-8574A1F29F4D}.Debug|Any CPU.ActiveCfg = Debug|Any CPU
		{7981D307-CA63-4DEE-8A07-8574A1F29F4D}.Debug|Any CPU.Build.0 = Debug|Any CPU
		{7981D307-CA63-4DEE-8A07-8574A1F29F4D}.Release|Any CPU.ActiveCfg = Release|Any CPU
		{7981D307-CA63-4DEE-8A07-8574A1F29F4D}.Release|Any CPU.Build.0 = Release|Any CPU
	EndGlobalSection
	GlobalSection(SolutionProperties) = preSolution
		HideSolutionNode = FALSE
	EndGlobalSection
	GlobalSection(ExtensibilityGlobals) = postSolution
		SolutionGuid = {B5BC8822-5E1C-4A7E-A767-B0A61C63D8E0}
	EndGlobalSection
EndGlobal
