
Microsoft Visual Studio Solution File, Format Version 12.00
# Visual Studio Version 17
VisualStudioVersion = 17.11.35327.3
MinimumVisualStudioVersion = 10.0.40219.1
Project("{FAE04EC0-301F-11D3-BF4B-00C04F79EFBC}") = "WpfApp9", "WpfApp9\WpfApp9.csproj", "{B4A893DA-BB03-47C6-88DA-85C4B93BD0A9}"
EndProject
Global
	GlobalSection(SolutionConfigurationPlatforms) = preSolution
		Debug|Any CPU = Debug|Any CPU
		Release|Any CPU = Release|Any CPU
	EndGlobalSection
	GlobalSection(ProjectConfigurationPlatforms) = postSolution
		{B4A893DA-BB03-47C6-88DA-85C4B93BD0A9}.Debug|Any CPU.ActiveCfg = Debug|Any CPU
		{B4A893DA-BB03-47C6-88DA-85C4B93BD0A9}.Debug|Any CPU.Build.0 = Debug|Any CPU
		{B4A893DA-BB03-47C6-88DA-85C4B93BD0A9}.Release|Any CPU.ActiveCfg = Release|Any CPU
		{B4A893DA-BB03-47C6-88DA-85C4B93BD0A9}.Release|Any CPU.Build.0 = Release|Any CPU
	EndGlobalSection
	GlobalSection(SolutionProperties) = preSolution
		HideSolutionNode = FALSE
	EndGlobalSection
	GlobalSection(ExtensibilityGlobals) = postSolution
		SolutionGuid = {BF00FD62-5AD6-4D3D-8391-E39FB75D3031}
	EndGlobalSection
EndGlobal
